// !$*UTF8*$!
{
	archiveVersion = 1;
	classes = {
	};
	objectVersion = 46;
	objects = {

/* Begin PBXBuildFile section */
		166563931C34CFC6005B53C0 /* AppDelegate.swift in Sources */ = {isa = PBXBuildFile; fileRef = 166563921C34CFC6005B53C0 /* AppDelegate.swift */; };
		166563951C34CFC6005B53C0 /* ViewController.swift in Sources */ = {isa = PBXBuildFile; fileRef = 166563941C34CFC6005B53C0 /* ViewController.swift */; };
		166563981C34CFC6005B53C0 /* Main.storyboard in Resources */ = {isa = PBXBuildFile; fileRef = 166563961C34CFC6005B53C0 /* Main.storyboard */; };
		1665639A1C34CFC6005B53C0 /* Assets.xcassets in Resources */ = {isa = PBXBuildFile; fileRef = 166563991C34CFC6005B53C0 /* Assets.xcassets */; };
		1665639D1C34CFC6005B53C0 /* LaunchScreen.storyboard in Resources */ = {isa = PBXBuildFile; fileRef = 1665639B1C34CFC6005B53C0 /* LaunchScreen.storyboard */; };
		166563A51C34D0B6005B53C0 /* TipCalculator.swift in Sources */ = {isa = PBXBuildFile; fileRef = 166563A41C34D0B6005B53C0 /* TipCalculator.swift */; settings = {ASSET_TAGS = (); }; };
/* End PBXBuildFile section */

/* Begin PBXFileReference section */
		1665638F1C34CFC6005B53C0 /* Tip Calculator.app */ = {isa = PBXFileReference; explicitFileType = wrapper.application; includeInIndex = 0; path = "Tip Calculator.app"; sourceTree = BUILT_PRODUCTS_DIR; };
		166563921C34CFC6005B53C0 /* AppDelegate.swift */ = {isa = PBXFileReference; lastKnownFileType = sourcecode.swift; path = AppDelegate.swift; sourceTree = "<group>"; };
		166563941C34CFC6005B53C0 /* ViewController.swift */ = {isa = PBXFileReference; lastKnownFileType = sourcecode.swift; path = ViewController.swift; sourceTree = "<group>"; };
		166563971C34CFC6005B53C0 /* Base */ = {isa = PBXFileReference; lastKnownFileType = file.storyboard; name = Base; path = Base.lproj/Main.storyboard; sourceTree = "<group>"; };
		166563991C34CFC6005B53C0 /* Assets.xcassets */ = {isa = PBXFileReference; lastKnownFileType = folder.assetcatalog; path = Assets.xcassets; sourceTree = "<group>"; };
		1665639C1C34CFC6005B53C0 /* Base */ = {isa = PBXFileReference; lastKnownFileType = file.storyboard; name = Base; path = Base.lproj/LaunchScreen.storyboard; sourceTree = "<group>"; };
		1665639E1C34CFC6005B53C0 /* Info.plist */ = {isa = PBXFileReference; lastKnownFileType = text.plist.xml; path = Info.plist; sourceTree = "<group>"; };
		166563A41C34D0B6005B53C0 /* TipCalculator.swift */ = {isa = PBXFileReference; fileEncoding = 4; lastKnownFileType = sourcecode.swift; path = TipCalculator.swift; sourceTree = "<group>"; };
/* End PBXFileReference section */

/* Begin PBXFrameworksBuildPhase section */
		1665638C1C34CFC6005B53C0 /* Frameworks */ = {
			isa = PBXFrameworksBuildPhase;
			buildActionMask = 2147483647;
			files = (
			);
			runOnlyForDeploymentPostprocessing = 0;
		};
/* End PBXFrameworksBuildPhase section */

/* Begin PBXGroup section */
		166563861C34CFC6005B53C0 = {
			isa = PBXGroup;
			children = (
				166563911C34CFC6005B53C0 /* Tip Calculator */,
				166563901C34CFC6005B53C0 /* Products */,
			);
			sourceTree = "<group>";
		};
		166563901C34CFC6005B53C0 /* Products */ = {
			isa = PBXGroup;
			children = (
				1665638F1C34CFC6005B53C0 /* Tip Calculator.app */,
			);
			name = Products;
			sourceTree = "<group>";
		};
		166563911C34CFC6005B53C0 /* Tip Calculator */ = {
			isa = PBXGroup;
			children = (
				166563921C34CFC6005B53C0 /* AppDelegate.swift */,
				166563941C34CFC6005B53C0 /* ViewController.swift */,
				166563961C34CFC6005B53C0 /* Main.storyboard */,
				166563991C34CFC6005B53C0 /* Assets.xcassets */,
				1665639B1C34CFC6005B53C0 /* LaunchScreen.storyboard */,
				1665639E1C34CFC6005B53C0 /* Info.plist */,
				166563A41C34D0B6005B53C0 /* TipCalculator.swift */,
			);
			path = "Tip Calculator";
			sourceTree = "<group>";
		};
/* End PBXGroup section */

/* Begin PBXNativeTarget section */
		1665638E1C34CFC6005B53C0 /* Tip Calculator */ = {
			isa = PBXNativeTarget;
			buildConfigurationList = 166563A11C34CFC6005B53C0 /* Build configuration list for PBXNativeTarget "Tip Calculator" */;
			buildPhases = (
				1665638B1C34CFC6005B53C0 /* Sources */,
				1665638C1C34CFC6005B53C0 /* Frameworks */,
				1665638D1C34CFC6005B53C0 /* Resources */,
			);
			buildRules = (
			);
			dependencies = (
			);
			name = "Tip Calculator";
			productName = "Tip Calculator";
			productReference = 1665638F1C34CFC6005B53C0 /* Tip Calculator.app */;
			productType = "com.apple.product-type.application";
		};
/* End PBXNativeTarget section */

/* Begin PBXProject section */
		166563871C34CFC6005B53C0 /* Project object */ = {
			isa = PBXProject;
			attributes = {
				LastUpgradeCheck = 0700;
				ORGANIZATIONNAME = "Sri Chandra Mallipeddi";
				TargetAttributes = {
					1665638E1C34CFC6005B53C0 = {
						CreatedOnToolsVersion = 7.0.1;
					};
				};
			};
			buildConfigurationList = 1665638A1C34CFC6005B53C0 /* Build configuration list for PBXProject "Tip Calculator" */;
			compatibilityVersion = "Xcode 3.2";
			developmentRegion = English;
			hasScannedForEncodings = 0;
			knownRegions = (
				en,
				Base,
			);
			mainGroup = 166563861C34CFC6005B53C0;
			productRefGroup = 166563901C34CFC6005B53C0 /* Products */;
			projectDirPath = "";
			projectRoot = "";
			targets = (
				1665638E1C34CFC6005B53C0 /* Tip Calculator */,
			);
		};
/* End PBXProject section */

/* Begin PBXResourcesBuildPhase section */
		1665638D1C34CFC6005B53C0 /* Resources */ = {
			isa = PBXResourcesBuildPhase;
			buildActionMask = 2147483647;
			files = (
				1665639D1C34CFC6005B53C0 /* LaunchScreen.storyboard in Resources */,
				1665639A1C34CFC6005B53C0 /* Assets.xcassets in Resources */,
				166563981C34CFC6005B53C0 /* Main.storyboard in Resources */,
			);
			runOnlyForDeploymentPostprocessing = 0;
		};
/* End PBXResourcesBuildPhase section */

/* Begin PBXSourcesBuildPhase section */
		1665638B1C34CFC6005B53C0 /* Sources */ = {
			isa = PBXSourcesBuildPhase;
			buildActionMask = 2147483647;
			files = (
				166563A51C34D0B6005B53C0 /* TipCalculator.swift in Sources */,
				166563951C34CFC6005B53C0 /* ViewController.swift in Sources */,
				166563931C34CFC6005B53C0 /* AppDelegate.swift in Sources */,
			);
			runOnlyForDeploymentPostprocessing = 0;
		};
/* End PBXSourcesBuildPhase section */

/* Begin PBXVariantGroup section */
		166563961C34CFC6005B53C0 /* Main.storyboard */ = {
			isa = PBXVariantGroup;
			children = (
				166563971C34CFC6005B53C0 /* Base */,
			);
			name = Main.storyboard;
			sourceTree = "<group>";
		};
		1665639B1C34CFC6005B53C0 /* LaunchScreen.storyboard */ = {
			isa = PBXVariantGroup;
			children = (
				1665639C1C34CFC6005B53C0 /* Base */,
			);
			name = LaunchScreen.storyboard;
			sourceTree = "<group>";
		};
/* End PBXVariantGroup section */

/* Begin XCBuildConfiguration section */
		1665639F1C34CFC6005B53C0 /* Debug */ = {
			isa = XCBuildConfiguration;
			buildSettings = {
				ALWAYS_SEARCH_USER_PATHS = NO;
				CLANG_CXX_LANGUAGE_STANDARD = "gnu++0x";
				CLANG_CXX_LIBRARY = "libc++";
				CLANG_ENABLE_MODULES = YES;
				CLANG_ENABLE_OBJC_ARC = YES;
				CLANG_WARN_BOOL_CONVERSION = YES;
				CLANG_WARN_CONSTANT_CONVERSION = YES;
				CLANG_WARN_DIRECT_OBJC_ISA_USAGE = YES_ERROR;
				CLANG_WARN_EMPTY_BODY = YES;
				CLANG_WARN_ENUM_CONVERSION = YES;
				CLANG_WARN_INT_CONVERSION = YES;
				CLANG_WARN_OBJC_ROOT_CLASS = YES_ERROR;
				CLANG_WARN_UNREACHABLE_CODE = YES;
				CLANG_WARN__DUPLICATE_METHOD_MATCH = YES;
				"CODE_SIGN_IDENTITY[sdk=iphoneos*]" = "iPhone Developer";
				COPY_PHASE_STRIP = NO;
				DEBUG_INFORMATION_FORMAT = dwarf;
				ENABLE_STRICT_OBJC_MSGSEND = YES;
				ENABLE_TESTABILITY = YES;
				GCC_C_LANGUAGE_STANDARD = gnu99;
				GCC_DYNAMIC_NO_PIC = NO;
				GCC_NO_COMMON_BLOCKS = YES;
				GCC_OPTIMIZATION_LEVEL = 0;
				GCC_PREPROCESSOR_DEFINITIONS = (
					"DEBUG=1",
					"$(inherited)",
				);
				GCC_WARN_64_TO_32_BIT_CONVERSION = YES;
				GCC_WARN_ABOUT_RETURN_TYPE = YES_ERROR;
				GCC_WARN_UNDECLARED_SELECTOR = YES;
				GCC_WARN_UNINITIALIZED_AUTOS = YES_AGGRESSIVE;
				GCC_WARN_UNUSED_FUNCTION = YES;
				GCC_WARN_UNUSED_VARIABLE = YES;
				IPHONEOS_DEPLOYMENT_TARGET = 9.0;
				MTL_ENABLE_DEBUG_INFO = YES;
				ONLY_ACTIVE_ARCH = YES;
				SDKROOT = iphoneos;
				SWIFT_OPTIMIZATION_LEVEL = "-Onone";
			};
			name = Debug;
		};
		166563A01C34CFC6005B53C0 /* Release */ = {
			isa = XCBuildConfiguration;
			buildSettings = {
				ALWAYS_SEARCH_USER_PATHS = NO;
				CLANG_CXX_LANGUAGE_STANDARD = "gnu++0x";
				CLANG_CXX_LIBRARY = "libc++";
				CLANG_ENABLE_MODULES = YES;
				CLANG_ENABLE_OBJC_ARC = YES;
				CLANG_WARN_BOOL_CONVERSION = YES;
				CLANG_WARN_CONSTANT_CONVERSION = YES;
				CLANG_WARN_DIRECT_OBJC_ISA_USAGE = YES_ERROR;
				CLANG_WARN_EMPTY_BODY = YES;
				CLANG_WARN_ENUM_CONVERSION = YES;
				CLANG_WARN_INT_CONVERSION = YES;
				CLANG_WARN_OBJC_ROOT_CLASS = YES_ERROR;
				CLANG_WARN_UNREACHABLE_CODE = YES;
				CLANG_WARN__DUPLICATE_METHOD_MATCH = YES;
				"CODE_SIGN_IDENTITY[sdk=iphoneos*]" = "iPhone Developer";
				COPY_PHASE_STRIP = NO;
				DEBUG_INFORMATION_FORMAT = "dwarf-with-dsym";
				ENABLE_NS_ASSERTIONS = NO;
				ENABLE_STRICT_OBJC_MSGSEND = YES;
				GCC_C_LANGUAGE_STANDARD = gnu99;
				GCC_NO_COMMON_BLOCKS = YES;
				GCC_WARN_64_TO_32_BIT_CONVERSION = YES;
				GCC_WARN_ABOUT_RETURN_TYPE = YES_ERROR;
				GCC_WARN_UNDECLARED_SELECTOR = YES;
				GCC_WARN_UNINITIALIZED_AUTOS = YES_AGGRESSIVE;
				GCC_WARN_UNUSED_FUNCTION = YES;
				GCC_WARN_UNUSED_VARIABLE = YES;
				IPHONEOS_DEPLOYMENT_TARGET = 9.0;
				MTL_ENABLE_DEBUG_INFO = NO;
				SDKROOT = iphoneos;
				VALIDATE_PRODUCT = YES;
			};
			name = Release;
		};
		166563A21C34CFC6005B53C0 /* Debug */ = {
			isa = XCBuildConfiguration;
			buildSettings = {
				ASSETCATALOG_COMPILER_APPICON_NAME = AppIcon;
				INFOPLIST_FILE = "Tip Calculator/Info.plist";
				LD_RUNPATH_SEARCH_PATHS = "$(inherited) @executable_path/Frameworks";
				PRODUCT_BUNDLE_IDENTIFIER = "com.chandrra.Tip-Calculator";
				PRODUCT_NAME = "$(TARGET_NAME)";
			};
			name = Debug;
		};
		166563A31C34CFC6005B53C0 /* Release */ = {
			isa = XCBuildConfiguration;
			buildSettings = {
				ASSETCATALOG_COMPILER_APPICON_NAME = AppIcon;
				INFOPLIST_FILE = "Tip Calculator/Info.plist";
				LD_RUNPATH_SEARCH_PATHS = "$(inherited) @executable_path/Frameworks";
				PRODUCT_BUNDLE_IDENTIFIER = "com.chandrra.Tip-Calculator";
				PRODUCT_NAME = "$(TARGET_NAME)";
			};
			name = Release;
		};
/* End XCBuildConfiguration section */

/* Begin XCConfigurationList section */
		1665638A1C34CFC6005B53C0 /* Build configuration list for PBXProject "Tip Calculator" */ = {
			isa = XCConfigurationList;
			buildConfigurations = (
				1665639F1C34CFC6005B53C0 /* Debug */,
				166563A01C34CFC6005B53C0 /* Release */,
			);
			defaultConfigurationIsVisible = 0;
			defaultConfigurationName = Release;
		};
		166563A11C34CFC6005B53C0 /* Build configuration list for PBXNativeTarget "Tip Calculator" */ = {
			isa = XCConfigurationList;
			buildConfigurations = (
				166563A21C34CFC6005B53C0 /* Debug */,
				166563A31C34CFC6005B53C0 /* Release */,
			);
			defaultConfigurationIsVisible = 0;
		};
/* End XCConfigurationList section */
	};
	rootObject = 166563871C34CFC6005B53C0 /* Project object */;
}
